<?xml version="1.0" encoding="utf-8"?>
<Project ToolsVersion="4.0" xmlns="http://schemas.microsoft.com/developer/msbuild/2003">
  <ItemGroup>
    <Filter Include="소스 파일">
      <UniqueIdentifier>{4FC737F1-C7A5-4376-A066-2A32D752A2FF}</UniqueIdentifier>
      <Extensions>cpp;c;cc;cxx;c++;cppm;ixx;def;odl;idl;hpj;bat;asm;asmx</Extensions>
    </Filter>
    <Filter Include="리소스 파일">
      <UniqueIdentifier>{67DA6AB6-F800-4c08-8B7A-83BB121AAD01}</UniqueIdentifier>
      <Extensions>rc;ico;cur;bmp;dlg;rc2;rct;bin;rgs;gif;jpg;jpeg;jpe;resx;tiff;tif;png;wav;mfcribbon-ms</Extensions>
    </Filter>
    <Filter Include="소스 파일\Engine">
      <UniqueIdentifier>{194e3ec9-bd34-4b70-9208-f4d7e4719387}</UniqueIdentifier>
    </Filter>
    <Filter Include="소스 파일\Resource">
      <UniqueIdentifier>{d48c373f-04c9-4a9a-95e8-7f1614fc740d}</UniqueIdentifier>
    </Filter>
    <Filter Include="소스 파일\Utils">
      <UniqueIdentifier>{b81776e9-1233-4c23-9a03-52538b631222}</UniqueIdentifier>
    </Filter>
  </ItemGroup>
  <ItemGroup>
    <ClCompile Include="pch.cpp">
      <Filter>소스 파일\Resource</Filter>
    </ClCompile>
    <ClCompile Include="EnginePch.cpp">
      <Filter>소스 파일\Resource</Filter>
    </ClCompile>
    <ClCompile Include="Engine.cpp">
      <Filter>소스 파일\Engine</Filter>
    </ClCompile>
    <ClCompile Include="CommandQueue.cpp">
      <Filter>소스 파일\Engine</Filter>
    </ClCompile>
    <ClCompile Include="Device.cpp">
      <Filter>소스 파일\Engine</Filter>
    </ClCompile>
    <ClCompile Include="DescriptorHeap.cpp">
      <Filter>소스 파일\Engine</Filter>
    </ClCompile>
    <ClCompile Include="SwapChain.cpp">
      <Filter>소스 파일\Engine</Filter>
    </ClCompile>
  </ItemGroup>
  <ItemGroup>
    <ClInclude Include="pch.h">
      <Filter>소스 파일\Resource</Filter>
    </ClInclude>
    <ClInclude Include="EnginePch.h">
      <Filter>소스 파일\Resource</Filter>
    </ClInclude>
    <ClInclude Include="d3dx12.h">
      <Filter>소스 파일\Utils</Filter>
    </ClInclude>
    <ClInclude Include="Engine.h">
      <Filter>소스 파일\Engine</Filter>
    </ClInclude>
    <ClInclude Include="CommandQueue.h">
      <Filter>소스 파일\Engine</Filter>
    </ClInclude>
    <ClInclude Include="Device.h">
      <Filter>소스 파일\Engine</Filter>
    </ClInclude>
    <ClInclude Include="DescriptorHeap.h">
      <Filter>소스 파일\Engine</Filter>
    </ClInclude>
    <ClInclude Include="SwapChain.h">
      <Filter>소스 파일\Engine</Filter>
    </ClInclude>
  </ItemGroup>
</Project>